{
  "nodes": {
    "flake-utils": {
      "locked": {
        "lastModified": 1648297722,
        "narHash": "sha256-W+qlPsiZd8F3XkzXOzAoR+mpFqzm3ekQkJNa+PIh1BQ=",
        "owner": "numtide",
        "repo": "flake-utils",
        "rev": "0f8662f1319ad6abf89b3380dd2722369fc51ade",
        "type": "github"
      },
      "original": {
        "owner": "numtide",
        "repo": "flake-utils",
        "type": "github"
      }
    },
    "nixpkgs": {
      "locked": {
        "lastModified": 1648413554,
        "narHash": "sha256-7nL9gNt1hS2HVe2TSh9QdScpLPQmezMqlxnZTIlbmfw=",
        "owner": "nixos",
        "repo": "nixpkgs",
        "rev": "dc45957373e3eb5d46bc40a98cc8a58d1f79925c",
        "type": "github"
      },
      "original": {
        "owner": "nixos",
        "repo": "nixpkgs",
        "type": "github"
      }
    },
    "nixpkgs-rocksdb-6_15_5": {
      "locked": {
        "lastModified": 1615835560,
        "narHash": "sha256-aaFAnkwgQV6gFZJ684deIgtga+ogWaKVfQoy8e9k9fY=",
        "owner": "nixos",
        "repo": "nixpkgs",
        "rev": "a765beccb52f30a30fee313fbae483693ffe200d",
        "type": "github"
      },
      "original": {
        "owner": "nixos",
        "repo": "nixpkgs",
        "rev": "a765beccb52f30a30fee313fbae483693ffe200d",
        "type": "github"
      }
    },
    "root": {
      "inputs": {
        "flake-utils": "flake-utils",
        "nixpkgs": "nixpkgs",
        "nixpkgs-rocksdb-6_15_5": "nixpkgs-rocksdb-6_15_5"
      }
    }
  },
  "root": "root",
  "version": 7
}
