{
  "nodes": {
    "flake-utils": {
      "locked": {
        "lastModified": 1644229661,
        "narHash": "sha256-1YdnJAsNy69bpcjuoKdOYQX0YxZBiCYZo4Twxerqv7k=",
        "owner": "numtide",
        "repo": "flake-utils",
        "rev": "3cecb5b042f7f209c56ffd8371b2711a290ec797",
        "type": "github"
      },
      "original": {
        "owner": "numtide",
        "repo": "flake-utils",
        "type": "github"
      }
    },
    "nixpkgs": {
      "locked": {
        "lastModified": 1645574911,
        "narHash": "sha256-AKg0T4Q67OOxznD1UTGzzHuSXvr93+IOanI4RCbe3Gc=",
        "owner": "nixos",
        "repo": "nixpkgs",
        "rev": "49533e7c8c701b34d83d6bd78c65b089a88c9154",
        "type": "github"
      },
      "original": {
        "owner": "nixos",
        "repo": "nixpkgs",
        "type": "github"
      }
    },
    "nixpkgs-rocksdb-6_15_5": {
      "locked": {
        "lastModified": 1615835560,
        "narHash": "sha256-aaFAnkwgQV6gFZJ684deIgtga+ogWaKVfQoy8e9k9fY=",
        "owner": "nixos",
        "repo": "nixpkgs",
        "rev": "a765beccb52f30a30fee313fbae483693ffe200d",
        "type": "github"
      },
      "original": {
        "owner": "nixos",
        "repo": "nixpkgs",
        "rev": "a765beccb52f30a30fee313fbae483693ffe200d",
        "type": "github"
      }
    },
    "root": {
      "inputs": {
        "flake-utils": "flake-utils",
        "nixpkgs": "nixpkgs",
        "nixpkgs-rocksdb-6_15_5": "nixpkgs-rocksdb-6_15_5"
      }
    }
  },
  "root": "root",
  "version": 7
}
